{
  "name": "trade-accelerator-vercel",
  "version": "1.0.0",
  "lockfileVersion": 3,
  "requires": true,
  "packages": {
    "": {
      "name": "trade-accelerator-vercel",
      "version": "1.0.0",
      "workspaces": [
        "bots/*",
        "pages/*"
      ]
    },
    "bots/quick-map": {
      "name": "@tradeaccelerator/bot-quick-map",
      "version": "1.0.0",
      "engines": {
        "node": "24.x"
      }
    },
    "node_modules/@tradeaccelerator/bot-quick-map": {
      "resolved": "bots/quick-map",
      "link": true
    },
    "node_modules/@tradeaccelerator/page-crs-roofing": {
      "resolved": "pages/crs-roofing",
      "link": true
    },
    "pages/crs-roofing": {
      "name": "@tradeaccelerator/page-crs-roofing",
      "version": "1.0.0"
    }
  }
}
